{
  "name": "gg-basic-code",
  "version": "1.0.0",
  "lockfileVersion": 1,
  "requires": true,
  "dependencies": {
    "angular5-csv": {
      "version": "0.2.5",
      "resolved": "https://registry.npmjs.org/angular5-csv/-/angular5-csv-0.2.5.tgz",
      "integrity": "sha512-a217vpy4XakUaybSwKW5RReNf92zbTDCNUcmPb0foO9a1yEo3DGdm0XLXCX3XMrdBzgegfPbO450cJ539/2pSg=="
    }
  }
}
