{
  "name": "gg-ui",
  "version": "1.0.0",
  "lockfileVersion": 1,
  "requires": true,
  "dependencies": {
    "@ngx-translate/core": {
      "version": "9.1.1",
      "resolved": "https://registry.npmjs.org/@ngx-translate/core/-/core-9.1.1.tgz",
      "integrity": "sha1-rhA5KINrip4Gn9Li52+iGYzH5ig="
    },
    "angular2-image-upload": {
      "version": "1.0.0-rc.0",
      "resolved": "https://registry.npmjs.org/angular2-image-upload/-/angular2-image-upload-1.0.0-rc.0.tgz",
      "integrity": "sha512-RaHX3khuliuvf6xQzcXybg81E+7AICmlqnR4H3VtT8tOfOgzUxamvfYxfgS/fk0yVLMEzEplcb3cvsz7X8unPg=="
    },
    "angular5-csv": {
      "version": "0.2.5",
      "resolved": "https://registry.npmjs.org/angular5-csv/-/angular5-csv-0.2.5.tgz",
      "integrity": "sha512-a217vpy4XakUaybSwKW5RReNf92zbTDCNUcmPb0foO9a1yEo3DGdm0XLXCX3XMrdBzgegfPbO450cJ539/2pSg=="
    },
    "gg-basic-code": {
      "version": "file:../basic-code/dist/gg-basic-code-1.0.0.tgz",
      "integrity": "sha512-wabP4BHzs/gYD1VVww/XThAqUcKCfqaVQCfFBc78wHoV9X+sU5VRugFKkH/42wr2lCStZk5yQBkpJNf6kx0m/g==",
      "requires": {
        "angular5-csv": "0.2.5"
      }
    },
    "gg-translation": {
      "version": "file:../translation-services/dist/gg-translation-1.0.0.tgz",
      "integrity": "sha512-QiAgMY/dp41FuPcXs80LLdUQIOlJ7RqqoFZ263YkqA8hq6g+Mo0ZiFmSMKnvelu2zN4YnQJYW+cSDFtZUxNJUQ==",
      "requires": {
        "@ngx-translate/core": "9.1.1"
      }
    }
  }
}
